
Microsoft Visual Studio Solution File, Format Version 12.00
# Visual Studio Version 17
VisualStudioVersion = 17.2.32630.192
MinimumVisualStudioVersion = 10.0.40219.1
Project("{FAE04EC0-301F-11D3-BF4B-00C04F79EFBC}") = "SsmsSchemaFolders.VSPackage", "SsmsSchemaFolders.VSPackage.csproj", "{BF0BA7D7-D1EC-4E73-A5B4-0359D10F4740}"
EndProject
Project("{FAE04EC0-301F-11D3-BF4B-00C04F79EFBC}") = "SsmsSchemaFolders.Interfaces", "SsmsSchemaFolders.Interfaces.csproj", "{7D308A5E-267F-4AC6-B4AC-D6D94F93BBEB}"
EndProject
Project("{FAE04EC0-301F-11D3-BF4B-00C04F79EFBC}") = "SsmsSchemaFolders.Ssms2012", "SsmsSchemaFolders.Ssms2012.csproj", "{9C9FA743-0D5D-4847-9544-3AD0FFBAD79F}"
EndProject
Project("{FAE04EC0-301F-11D3-BF4B-00C04F79EFBC}") = "SsmsSchemaFolders.Ssms2014", "SsmsSchemaFolders.Ssms2014.csproj", "{D733F495-4F0C-45F1-B839-A29F470A3E4D}"
EndProject
Project("{FAE04EC0-301F-11D3-BF4B-00C04F79EFBC}") = "SsmsSchemaFolders.Ssms2016", "SsmsSchemaFolders.Ssms2016.csproj", "{6EA9A0DD-D6B6-434A-B67B-F92E12B005F7}"
EndProject
Project("{FAE04EC0-301F-11D3-BF4B-00C04F79EFBC}") = "SsmsSchemaFolders.Ssms2017", "SsmsSchemaFolders.Ssms2017.csproj", "{8442F331-CE3E-4FA2-BA00-D0AFD5243FEC}"
EndProject
Project("{FAE04EC0-301F-11D3-BF4B-00C04F79EFBC}") = "SsmsSchemaFolders.Ssms18", "SsmsSchemaFolders.Ssms18.csproj", "{D333B8ED-584D-4BDA-91CE-7FE7473413CA}"
EndProject
Project("{FAE04EC0-301F-11D3-BF4B-00C04F79EFBC}") = "SsmsSchemaFolders.Ssms19", "SsmsSchemaFolders.Ssms19.csproj", "{7052A9C5-1263-433D-A758-1DA44D784E2F}"
EndProject
Project("{930C7802-8A8C-48F9-8165-68863BCCD9DD}") = "Setup", "Setup\Setup.wixproj", "{075E83E8-9192-4685-B122-42B4DB1B587E}"
EndProject
Global
	GlobalSection(SolutionConfigurationPlatforms) = preSolution
		Debug|Any CPU = Debug|Any CPU
		Debug|x64 = Debug|x64
		Debug|x86 = Debug|x86
		Release|Any CPU = Release|Any CPU
		Release|x64 = Release|x64
		Release|x86 = Release|x86
	EndGlobalSection
	GlobalSection(ProjectConfigurationPlatforms) = postSolution
		{BF0BA7D7-D1EC-4E73-A5B4-0359D10F4740}.Debug|Any CPU.ActiveCfg = Debug|Any CPU
		{BF0BA7D7-D1EC-4E73-A5B4-0359D10F4740}.Debug|Any CPU.Build.0 = Debug|Any CPU
		{BF0BA7D7-D1EC-4E73-A5B4-0359D10F4740}.Debug|x64.ActiveCfg = Debug|Any CPU
		{BF0BA7D7-D1EC-4E73-A5B4-0359D10F4740}.Debug|x64.Build.0 = Debug|Any CPU
		{BF0BA7D7-D1EC-4E73-A5B4-0359D10F4740}.Debug|x86.ActiveCfg = Debug|Any CPU
		{BF0BA7D7-D1EC-4E73-A5B4-0359D10F4740}.Debug|x86.Build.0 = Debug|Any CPU
		{BF0BA7D7-D1EC-4E73-A5B4-0359D10F4740}.Release|Any CPU.ActiveCfg = Release|Any CPU
		{BF0BA7D7-D1EC-4E73-A5B4-0359D10F4740}.Release|Any CPU.Build.0 = Release|Any CPU
		{BF0BA7D7-D1EC-4E73-A5B4-0359D10F4740}.Release|x64.ActiveCfg = Release|Any CPU
		{BF0BA7D7-D1EC-4E73-A5B4-0359D10F4740}.Release|x64.Build.0 = Release|Any CPU
		{BF0BA7D7-D1EC-4E73-A5B4-0359D10F4740}.Release|x86.ActiveCfg = Release|Any CPU
		{BF0BA7D7-D1EC-4E73-A5B4-0359D10F4740}.Release|x86.Build.0 = Release|Any CPU
		{7D308A5E-267F-4AC6-B4AC-D6D94F93BBEB}.Debug|Any CPU.ActiveCfg = Debug|Any CPU
		{7D308A5E-267F-4AC6-B4AC-D6D94F93BBEB}.Debug|Any CPU.Build.0 = Debug|Any CPU
		{7D308A5E-267F-4AC6-B4AC-D6D94F93BBEB}.Debug|x64.ActiveCfg = Debug|Any CPU
		{7D308A5E-267F-4AC6-B4AC-D6D94F93BBEB}.Debug|x64.Build.0 = Debug|Any CPU
		{7D308A5E-267F-4AC6-B4AC-D6D94F93BBEB}.Debug|x86.ActiveCfg = Debug|Any CPU
		{7D308A5E-267F-4AC6-B4AC-D6D94F93BBEB}.Debug|x86.Build.0 = Debug|Any CPU
		{7D308A5E-267F-4AC6-B4AC-D6D94F93BBEB}.Release|Any CPU.ActiveCfg = Release|Any CPU
		{7D308A5E-267F-4AC6-B4AC-D6D94F93BBEB}.Release|Any CPU.Build.0 = Release|Any CPU
		{7D308A5E-267F-4AC6-B4AC-D6D94F93BBEB}.Release|x64.ActiveCfg = Release|Any CPU
		{7D308A5E-267F-4AC6-B4AC-D6D94F93BBEB}.Release|x64.Build.0 = Release|Any CPU
		{7D308A5E-267F-4AC6-B4AC-D6D94F93BBEB}.Release|x86.ActiveCfg = Release|Any CPU
		{7D308A5E-267F-4AC6-B4AC-D6D94F93BBEB}.Release|x86.Build.0 = Release|Any CPU
		{9C9FA743-0D5D-4847-9544-3AD0FFBAD79F}.Debug|Any CPU.ActiveCfg = Debug|Any CPU
		{9C9FA743-0D5D-4847-9544-3AD0FFBAD79F}.Debug|Any CPU.Build.0 = Debug|Any CPU
		{9C9FA743-0D5D-4847-9544-3AD0FFBAD79F}.Debug|x64.ActiveCfg = Debug|Any CPU
		{9C9FA743-0D5D-4847-9544-3AD0FFBAD79F}.Debug|x64.Build.0 = Debug|Any CPU
		{9C9FA743-0D5D-4847-9544-3AD0FFBAD79F}.Debug|x86.ActiveCfg = Debug|Any CPU
		{9C9FA743-0D5D-4847-9544-3AD0FFBAD79F}.Debug|x86.Build.0 = Debug|Any CPU
		{9C9FA743-0D5D-4847-9544-3AD0FFBAD79F}.Release|Any CPU.ActiveCfg = Release|Any CPU
		{9C9FA743-0D5D-4847-9544-3AD0FFBAD79F}.Release|Any CPU.Build.0 = Release|Any CPU
		{9C9FA743-0D5D-4847-9544-3AD0FFBAD79F}.Release|x64.ActiveCfg = Release|Any CPU
		{9C9FA743-0D5D-4847-9544-3AD0FFBAD79F}.Release|x64.Build.0 = Release|Any CPU
		{9C9FA743-0D5D-4847-9544-3AD0FFBAD79F}.Release|x86.ActiveCfg = Release|Any CPU
		{9C9FA743-0D5D-4847-9544-3AD0FFBAD79F}.Release|x86.Build.0 = Release|Any CPU
		{D733F495-4F0C-45F1-B839-A29F470A3E4D}.Debug|Any CPU.ActiveCfg = Debug|Any CPU
		{D733F495-4F0C-45F1-B839-A29F470A3E4D}.Debug|Any CPU.Build.0 = Debug|Any CPU
		{D733F495-4F0C-45F1-B839-A29F470A3E4D}.Debug|x64.ActiveCfg = Debug|Any CPU
		{D733F495-4F0C-45F1-B839-A29F470A3E4D}.Debug|x64.Build.0 = Debug|Any CPU
		{D733F495-4F0C-45F1-B839-A29F470A3E4D}.Debug|x86.ActiveCfg = Debug|Any CPU
		{D733F495-4F0C-45F1-B839-A29F470A3E4D}.Debug|x86.Build.0 = Debug|Any CPU
		{D733F495-4F0C-45F1-B839-A29F470A3E4D}.Release|Any CPU.ActiveCfg = Release|Any CPU
		{D733F495-4F0C-45F1-B839-A29F470A3E4D}.Release|Any CPU.Build.0 = Release|Any CPU
		{D733F495-4F0C-45F1-B839-A29F470A3E4D}.Release|x64.ActiveCfg = Release|Any CPU
		{D733F495-4F0C-45F1-B839-A29F470A3E4D}.Release|x64.Build.0 = Release|Any CPU
		{D733F495-4F0C-45F1-B839-A29F470A3E4D}.Release|x86.ActiveCfg = Release|Any CPU
		{D733F495-4F0C-45F1-B839-A29F470A3E4D}.Release|x86.Build.0 = Release|Any CPU
		{6EA9A0DD-D6B6-434A-B67B-F92E12B005F7}.Debug|Any CPU.ActiveCfg = Debug|Any CPU
		{6EA9A0DD-D6B6-434A-B67B-F92E12B005F7}.Debug|Any CPU.Build.0 = Debug|Any CPU
		{6EA9A0DD-D6B6-434A-B67B-F92E12B005F7}.Debug|x64.ActiveCfg = Debug|Any CPU
		{6EA9A0DD-D6B6-434A-B67B-F92E12B005F7}.Debug|x64.Build.0 = Debug|Any CPU
		{6EA9A0DD-D6B6-434A-B67B-F92E12B005F7}.Debug|x86.ActiveCfg = Debug|Any CPU
		{6EA9A0DD-D6B6-434A-B67B-F92E12B005F7}.Debug|x86.Build.0 = Debug|Any CPU
		{6EA9A0DD-D6B6-434A-B67B-F92E12B005F7}.Release|Any CPU.ActiveCfg = Release|Any CPU
		{6EA9A0DD-D6B6-434A-B67B-F92E12B005F7}.Release|Any CPU.Build.0 = Release|Any CPU
		{6EA9A0DD-D6B6-434A-B67B-F92E12B005F7}.Release|x64.ActiveCfg = Release|Any CPU
		{6EA9A0DD-D6B6-434A-B67B-F92E12B005F7}.Release|x64.Build.0 = Release|Any CPU
		{6EA9A0DD-D6B6-434A-B67B-F92E12B005F7}.Release|x86.ActiveCfg = Release|Any CPU
		{6EA9A0DD-D6B6-434A-B67B-F92E12B005F7}.Release|x86.Build.0 = Release|Any CPU
		{8442F331-CE3E-4FA2-BA00-D0AFD5243FEC}.Debug|Any CPU.ActiveCfg = Debug|Any CPU
		{8442F331-CE3E-4FA2-BA00-D0AFD5243FEC}.Debug|Any CPU.Build.0 = Debug|Any CPU
		{8442F331-CE3E-4FA2-BA00-D0AFD5243FEC}.Debug|x64.ActiveCfg = Debug|Any CPU
		{8442F331-CE3E-4FA2-BA00-D0AFD5243FEC}.Debug|x64.Build.0 = Debug|Any CPU
		{8442F331-CE3E-4FA2-BA00-D0AFD5243FEC}.Debug|x86.ActiveCfg = Debug|Any CPU
		{8442F331-CE3E-4FA2-BA00-D0AFD5243FEC}.Debug|x86.Build.0 = Debug|Any CPU
		{8442F331-CE3E-4FA2-BA00-D0AFD5243FEC}.Release|Any CPU.ActiveCfg = Release|Any CPU
		{8442F331-CE3E-4FA2-BA00-D0AFD5243FEC}.Release|Any CPU.Build.0 = Release|Any CPU
		{8442F331-CE3E-4FA2-BA00-D0AFD5243FEC}.Release|x64.ActiveCfg = Release|Any CPU
		{8442F331-CE3E-4FA2-BA00-D0AFD5243FEC}.Release|x64.Build.0 = Release|Any CPU
		{8442F331-CE3E-4FA2-BA00-D0AFD5243FEC}.Release|x86.ActiveCfg = Release|Any CPU
		{8442F331-CE3E-4FA2-BA00-D0AFD5243FEC}.Release|x86.Build.0 = Release|Any CPU
		{D333B8ED-584D-4BDA-91CE-7FE7473413CA}.Debug|Any CPU.ActiveCfg = Debug|Any CPU
		{D333B8ED-584D-4BDA-91CE-7FE7473413CA}.Debug|Any CPU.Build.0 = Debug|Any CPU
		{D333B8ED-584D-4BDA-91CE-7FE7473413CA}.Debug|x64.ActiveCfg = Debug|Any CPU
		{D333B8ED-584D-4BDA-91CE-7FE7473413CA}.Debug|x64.Build.0 = Debug|Any CPU
		{D333B8ED-584D-4BDA-91CE-7FE7473413CA}.Debug|x86.ActiveCfg = Debug|Any CPU
		{D333B8ED-584D-4BDA-91CE-7FE7473413CA}.Debug|x86.Build.0 = Debug|Any CPU
		{D333B8ED-584D-4BDA-91CE-7FE7473413CA}.Release|Any CPU.ActiveCfg = Release|Any CPU
		{D333B8ED-584D-4BDA-91CE-7FE7473413CA}.Release|Any CPU.Build.0 = Release|Any CPU
		{D333B8ED-584D-4BDA-91CE-7FE7473413CA}.Release|x64.ActiveCfg = Release|Any CPU
		{D333B8ED-584D-4BDA-91CE-7FE7473413CA}.Release|x64.Build.0 = Release|Any CPU
		{D333B8ED-584D-4BDA-91CE-7FE7473413CA}.Release|x86.ActiveCfg = Release|Any CPU
		{D333B8ED-584D-4BDA-91CE-7FE7473413CA}.Release|x86.Build.0 = Release|Any CPU
		{7052A9C5-1263-433D-A758-1DA44D784E2F}.Debug|Any CPU.ActiveCfg = Debug|Any CPU
		{7052A9C5-1263-433D-A758-1DA44D784E2F}.Debug|Any CPU.Build.0 = Debug|Any CPU
		{7052A9C5-1263-433D-A758-1DA44D784E2F}.Debug|x64.ActiveCfg = Debug|Any CPU
		{7052A9C5-1263-433D-A758-1DA44D784E2F}.Debug|x64.Build.0 = Debug|Any CPU
		{7052A9C5-1263-433D-A758-1DA44D784E2F}.Debug|x86.ActiveCfg = Debug|Any CPU
		{7052A9C5-1263-433D-A758-1DA44D784E2F}.Debug|x86.Build.0 = Debug|Any CPU
		{7052A9C5-1263-433D-A758-1DA44D784E2F}.Release|Any CPU.ActiveCfg = Release|Any CPU
		{7052A9C5-1263-433D-A758-1DA44D784E2F}.Release|Any CPU.Build.0 = Release|Any CPU
		{7052A9C5-1263-433D-A758-1DA44D784E2F}.Release|x64.ActiveCfg = Release|Any CPU
		{7052A9C5-1263-433D-A758-1DA44D784E2F}.Release|x64.Build.0 = Release|Any CPU
		{7052A9C5-1263-433D-A758-1DA44D784E2F}.Release|x86.ActiveCfg = Release|Any CPU
		{7052A9C5-1263-433D-A758-1DA44D784E2F}.Release|x86.Build.0 = Release|Any CPU
		{075E83E8-9192-4685-B122-42B4DB1B587E}.Debug|Any CPU.ActiveCfg = Debug|x86
		{075E83E8-9192-4685-B122-42B4DB1B587E}.Debug|x64.ActiveCfg = Debug|x64
		{075E83E8-9192-4685-B122-42B4DB1B587E}.Debug|x64.Build.0 = Debug|x64
		{075E83E8-9192-4685-B122-42B4DB1B587E}.Debug|x86.ActiveCfg = Debug|x86
		{075E83E8-9192-4685-B122-42B4DB1B587E}.Debug|x86.Build.0 = Debug|x86
		{075E83E8-9192-4685-B122-42B4DB1B587E}.Release|Any CPU.ActiveCfg = Release|x86
		{075E83E8-9192-4685-B122-42B4DB1B587E}.Release|Any CPU.Build.0 = Release|x86
		{075E83E8-9192-4685-B122-42B4DB1B587E}.Release|x64.ActiveCfg = Release|x64
		{075E83E8-9192-4685-B122-42B4DB1B587E}.Release|x64.Build.0 = Release|x64
		{075E83E8-9192-4685-B122-42B4DB1B587E}.Release|x86.ActiveCfg = Release|x86
		{075E83E8-9192-4685-B122-42B4DB1B587E}.Release|x86.Build.0 = Release|x86
	EndGlobalSection
	GlobalSection(SolutionProperties) = preSolution
		HideSolutionNode = FALSE
	EndGlobalSection
	GlobalSection(ExtensibilityGlobals) = postSolution
		SolutionGuid = {48E45CDF-3A22-4581-8C1D-15BAF608F172}
	EndGlobalSection
EndGlobal
